
Microsoft Visual Studio Solution File, Format Version 12.00
# Visual Studio Version 16
VisualStudioVersion = 16.0.29519.181
MinimumVisualStudioVersion = 10.0.40219.1
Project("{FAE04EC0-301F-11D3-BF4B-00C04F79EFBC}") = "TcpServer", "TcpServer\TcpServer.csproj", "{83CBDD5E-C662-4E4A-A4EA-1494178AC936}"
EndProject
Project("{FAE04EC0-301F-11D3-BF4B-00C04F79EFBC}") = "KlientForm", "KlientForm\KlientForm.csproj", "{CE24F513-820B-4FD7-9634-77E68B385498}"
EndProject
Global
	GlobalSection(SolutionConfigurationPlatforms) = preSolution
		Debug|Any CPU = Debug|Any CPU
		Release|Any CPU = Release|Any CPU
	EndGlobalSection
	GlobalSection(ProjectConfigurationPlatforms) = postSolution
		{83CBDD5E-C662-4E4A-A4EA-1494178AC936}.Debug|Any CPU.ActiveCfg = Debug|Any CPU
		{83CBDD5E-C662-4E4A-A4EA-1494178AC936}.Debug|Any CPU.Build.0 = Debug|Any CPU
		{83CBDD5E-C662-4E4A-A4EA-1494178AC936}.Release|Any CPU.ActiveCfg = Release|Any CPU
		{83CBDD5E-C662-4E4A-A4EA-1494178AC936}.Release|Any CPU.Build.0 = Release|Any CPU
		{CE24F513-820B-4FD7-9634-77E68B385498}.Debug|Any CPU.ActiveCfg = Debug|Any CPU
		{CE24F513-820B-4FD7-9634-77E68B385498}.Debug|Any CPU.Build.0 = Debug|Any CPU
		{CE24F513-820B-4FD7-9634-77E68B385498}.Release|Any CPU.ActiveCfg = Release|Any CPU
		{CE24F513-820B-4FD7-9634-77E68B385498}.Release|Any CPU.Build.0 = Release|Any CPU
	EndGlobalSection
	GlobalSection(SolutionProperties) = preSolution
		HideSolutionNode = FALSE
	EndGlobalSection
	GlobalSection(ExtensibilityGlobals) = postSolution
		SolutionGuid = {97501CF7-97DF-4C1B-8606-513239455CE5}
	EndGlobalSection
EndGlobal
